PODS:
  - AutoLayoutTextViews (1.2.3)
  - Expecta (1.0.0)
  - OCMock (3.1.2)

DEPENDENCIES:
  - AutoLayoutTextViews (from `.`)
  - Expecta (~> 1.0)
  - OCMock (~> 3.1)

EXTERNAL SOURCES:
  AutoLayoutTextViews:
    :path: "."

SPEC CHECKSUMS:
  AutoLayoutTextViews: 50d76d8938f263794e3344ee6876001f806c7cda
  Expecta: 32604574add2c46a36f8d2f716b6c5736eb75024
  OCMock: a10ea9f0a6e921651f96f78b6faee95ebc813b92

PODFILE CHECKSUM: 39fc9cc36b90223b88dacabd7f23e46884ff2383

COCOAPODS: 1.0.0.beta.6
