PODS:
  - AutoLayoutTextViews (1.2.1)
  - Expecta (1.0.0)
  - OCMock (3.1.2)

DEPENDENCIES:
  - AutoLayoutTextViews (from `.`)
  - Expecta (~> 1.0)
  - OCMock (~> 3.1)

EXTERNAL SOURCES:
  AutoLayoutTextViews:
    :path: .

SPEC CHECKSUMS:
  AutoLayoutTextViews: 48faabcd0e2270f789ed027a79ab253184fa6e2e
  Expecta: 32604574add2c46a36f8d2f716b6c5736eb75024
  OCMock: a10ea9f0a6e921651f96f78b6faee95ebc813b92

COCOAPODS: 0.36.4
