PODS:
  - AutoLayoutTextViews (1.1.1)
  - Expecta (0.3.2)
  - OCMock (3.1.2)

DEPENDENCIES:
  - AutoLayoutTextViews (from `.`)
  - Expecta (~> 0.3)
  - OCMock (~> 3.1)

EXTERNAL SOURCES:
  AutoLayoutTextViews:
    :path: .

SPEC CHECKSUMS:
  AutoLayoutTextViews: 12ca19c941122ccbf9a768739d1cfa6f5ca6ae11
  Expecta: ee641011fe10aa1855d487b40e4976dac50ec342
  OCMock: ecdd510b73ef397f2f97274785c1e87fd147c49f

COCOAPODS: 0.35.0
