// !$*UTF8*$!
{
	archiveVersion = 1;
	classes = {
	};
	objectVersion = 46;
	objects = {

/* Begin PBXBuildFile section */
		394B204347E2A25CF9E4FD81 /* libPods-AutoLayoutTextViewsDemo.a in Frameworks */ = {isa = PBXBuildFile; fileRef = CCFC0BAE800147B481EB2390 /* libPods-AutoLayoutTextViewsDemo.a */; };
		42D015801A09C82B00D2950F /* ALTextViewCell.m in Sources */ = {isa = PBXBuildFile; fileRef = 42D0157F1A09C82B00D2950F /* ALTextViewCell.m */; };
		42F31B1F1DE4A2A6002099AE /* libPods-AutoLayoutTextViewsDemo.a in Frameworks */ = {isa = PBXBuildFile; fileRef = 42F31B1E1DE4A2A6002099AE /* libPods-AutoLayoutTextViewsDemo.a */; };
		4460851A194286690093A6FA /* InfoPlist.strings in Resources */ = {isa = PBXBuildFile; fileRef = 44608518194286690093A6FA /* InfoPlist.strings */; };
		4460851C194286690093A6FA /* main.m in Sources */ = {isa = PBXBuildFile; fileRef = 4460851B194286690093A6FA /* main.m */; };
		44608520194286690093A6FA /* ALAppDelegate.m in Sources */ = {isa = PBXBuildFile; fileRef = 4460851F194286690093A6FA /* ALAppDelegate.m */; };
		44608523194286690093A6FA /* Main.storyboard in Resources */ = {isa = PBXBuildFile; fileRef = 44608521194286690093A6FA /* Main.storyboard */; };
		44608526194286690093A6FA /* ALTableViewController.m in Sources */ = {isa = PBXBuildFile; fileRef = 44608525194286690093A6FA /* ALTableViewController.m */; };
		44608528194286690093A6FA /* Images.xcassets in Resources */ = {isa = PBXBuildFile; fileRef = 44608527194286690093A6FA /* Images.xcassets */; };
		448D9DF61946743300453E69 /* ALTextViewController.m in Sources */ = {isa = PBXBuildFile; fileRef = 448D9DF51946743300453E69 /* ALTextViewController.m */; };
		92D8DF881A09AB16006F106A /* ALAutoResizingTextViewTableViewController.m in Sources */ = {isa = PBXBuildFile; fileRef = 92D8DF871A09AB16006F106A /* ALAutoResizingTextViewTableViewController.m */; };
/* End PBXBuildFile section */

/* Begin PBXFileReference section */
		2BE76039C2C7EEA18CED60A5 /* Pods-AutoLayoutTextViewsDemo.release.xcconfig */ = {isa = PBXFileReference; includeInIndex = 1; lastKnownFileType = text.xcconfig; name = "Pods-AutoLayoutTextViewsDemo.release.xcconfig"; path = "../Pods/Target Support Files/Pods-AutoLayoutTextViewsDemo/Pods-AutoLayoutTextViewsDemo.release.xcconfig"; sourceTree = "<group>"; };
		2DFB6B9C62D372274CCEAB0B /* Pods-AutoLayoutTextViews-AutoLayoutTextViewsDemo.release.xcconfig */ = {isa = PBXFileReference; includeInIndex = 1; lastKnownFileType = text.xcconfig; name = "Pods-AutoLayoutTextViews-AutoLayoutTextViewsDemo.release.xcconfig"; path = "../Pods/Target Support Files/Pods-AutoLayoutTextViews-AutoLayoutTextViewsDemo/Pods-AutoLayoutTextViews-AutoLayoutTextViewsDemo.release.xcconfig"; sourceTree = "<group>"; };
		37CC977061B34842E205F1FA /* libPods-AutoLayoutTextViews-AutoLayoutTextViewsDemo.a */ = {isa = PBXFileReference; explicitFileType = archive.ar; includeInIndex = 0; path = "libPods-AutoLayoutTextViews-AutoLayoutTextViewsDemo.a"; sourceTree = BUILT_PRODUCTS_DIR; };
		42D0157E1A09C82B00D2950F /* ALTextViewCell.h */ = {isa = PBXFileReference; fileEncoding = 4; lastKnownFileType = sourcecode.c.h; path = ALTextViewCell.h; sourceTree = "<group>"; };
		42D0157F1A09C82B00D2950F /* ALTextViewCell.m */ = {isa = PBXFileReference; fileEncoding = 4; lastKnownFileType = sourcecode.c.objc; path = ALTextViewCell.m; sourceTree = "<group>"; };
		42F31B1E1DE4A2A6002099AE /* libPods-AutoLayoutTextViewsDemo.a */ = {isa = PBXFileReference; lastKnownFileType = archive.ar; name = "libPods-AutoLayoutTextViewsDemo.a"; path = "/Users/Joshua/Documents/Libraries/AutoLayoutTextViews/Pods/../build/Debug-iphoneos/libPods-AutoLayoutTextViewsDemo.a"; sourceTree = "<absolute>"; };
		4460850C194286690093A6FA /* AutoLayoutTextViewsDemo.app */ = {isa = PBXFileReference; explicitFileType = wrapper.application; includeInIndex = 0; path = AutoLayoutTextViewsDemo.app; sourceTree = BUILT_PRODUCTS_DIR; };
		44608517194286690093A6FA /* AutoLayoutTextViewsDemo-Info.plist */ = {isa = PBXFileReference; lastKnownFileType = text.plist.xml; path = "AutoLayoutTextViewsDemo-Info.plist"; sourceTree = "<group>"; };
		44608519194286690093A6FA /* en */ = {isa = PBXFileReference; lastKnownFileType = text.plist.strings; name = en; path = en.lproj/InfoPlist.strings; sourceTree = "<group>"; };
		4460851B194286690093A6FA /* main.m */ = {isa = PBXFileReference; lastKnownFileType = sourcecode.c.objc; path = main.m; sourceTree = "<group>"; };
		4460851D194286690093A6FA /* AutoLayoutTextViewsDemo-Prefix.pch */ = {isa = PBXFileReference; lastKnownFileType = sourcecode.c.h; path = "AutoLayoutTextViewsDemo-Prefix.pch"; sourceTree = "<group>"; };
		4460851E194286690093A6FA /* ALAppDelegate.h */ = {isa = PBXFileReference; lastKnownFileType = sourcecode.c.h; path = ALAppDelegate.h; sourceTree = "<group>"; };
		4460851F194286690093A6FA /* ALAppDelegate.m */ = {isa = PBXFileReference; lastKnownFileType = sourcecode.c.objc; path = ALAppDelegate.m; sourceTree = "<group>"; };
		44608522194286690093A6FA /* Base */ = {isa = PBXFileReference; lastKnownFileType = file.storyboard; name = Base; path = Base.lproj/Main.storyboard; sourceTree = "<group>"; };
		44608524194286690093A6FA /* ALTableViewController.h */ = {isa = PBXFileReference; lastKnownFileType = sourcecode.c.h; path = ALTableViewController.h; sourceTree = "<group>"; };
		44608525194286690093A6FA /* ALTableViewController.m */ = {isa = PBXFileReference; lastKnownFileType = sourcecode.c.objc; path = ALTableViewController.m; sourceTree = "<group>"; };
		44608527194286690093A6FA /* Images.xcassets */ = {isa = PBXFileReference; lastKnownFileType = folder.assetcatalog; path = Images.xcassets; sourceTree = "<group>"; };
		448D9DF41946743300453E69 /* ALTextViewController.h */ = {isa = PBXFileReference; fileEncoding = 4; lastKnownFileType = sourcecode.c.h; path = ALTextViewController.h; sourceTree = "<group>"; };
		448D9DF51946743300453E69 /* ALTextViewController.m */ = {isa = PBXFileReference; fileEncoding = 4; lastKnownFileType = sourcecode.c.objc; path = ALTextViewController.m; sourceTree = "<group>"; };
		51292E7F96A1AFFE4C821792 /* Pods-AutoLayoutTextViewsDemo.release.xcconfig */ = {isa = PBXFileReference; includeInIndex = 1; lastKnownFileType = text.xcconfig; name = "Pods-AutoLayoutTextViewsDemo.release.xcconfig"; path = "Pods/Target Support Files/Pods-AutoLayoutTextViewsDemo/Pods-AutoLayoutTextViewsDemo.release.xcconfig"; sourceTree = "<group>"; };
		65D127BDD1EEDFD8C0FF43B7 /* Pods-AutoLayoutTextViews-AutoLayoutTextViewsDemo.debug.xcconfig */ = {isa = PBXFileReference; includeInIndex = 1; lastKnownFileType = text.xcconfig; name = "Pods-AutoLayoutTextViews-AutoLayoutTextViewsDemo.debug.xcconfig"; path = "../Pods/Target Support Files/Pods-AutoLayoutTextViews-AutoLayoutTextViewsDemo/Pods-AutoLayoutTextViews-AutoLayoutTextViewsDemo.debug.xcconfig"; sourceTree = "<group>"; };
		818333B692AE1B0E33029DB0 /* Pods-AutoLayoutTextViewsDemo.debug.xcconfig */ = {isa = PBXFileReference; includeInIndex = 1; lastKnownFileType = text.xcconfig; name = "Pods-AutoLayoutTextViewsDemo.debug.xcconfig"; path = "../Pods/Target Support Files/Pods-AutoLayoutTextViewsDemo/Pods-AutoLayoutTextViewsDemo.debug.xcconfig"; sourceTree = "<group>"; };
		92D8DF861A09AB16006F106A /* ALAutoResizingTextViewTableViewController.h */ = {isa = PBXFileReference; fileEncoding = 4; lastKnownFileType = sourcecode.c.h; path = ALAutoResizingTextViewTableViewController.h; sourceTree = "<group>"; };
		92D8DF871A09AB16006F106A /* ALAutoResizingTextViewTableViewController.m */ = {isa = PBXFileReference; fileEncoding = 4; lastKnownFileType = sourcecode.c.objc; path = ALAutoResizingTextViewTableViewController.m; sourceTree = "<group>"; };
		BE5DDBA6AE799EA89456BC1A /* Pods-AutoLayoutTextViewsDemo.debug.xcconfig */ = {isa = PBXFileReference; includeInIndex = 1; lastKnownFileType = text.xcconfig; name = "Pods-AutoLayoutTextViewsDemo.debug.xcconfig"; path = "Pods/Target Support Files/Pods-AutoLayoutTextViewsDemo/Pods-AutoLayoutTextViewsDemo.debug.xcconfig"; sourceTree = "<group>"; };
		CCFC0BAE800147B481EB2390 /* libPods-AutoLayoutTextViewsDemo.a */ = {isa = PBXFileReference; explicitFileType = archive.ar; includeInIndex = 0; path = "libPods-AutoLayoutTextViewsDemo.a"; sourceTree = BUILT_PRODUCTS_DIR; };
/* End PBXFileReference section */

/* Begin PBXFrameworksBuildPhase section */
		44608509194286690093A6FA /* Frameworks */ = {
			isa = PBXFrameworksBuildPhase;
			buildActionMask = 2147483647;
			files = (
				42F31B1F1DE4A2A6002099AE /* libPods-AutoLayoutTextViewsDemo.a in Frameworks */,
				394B204347E2A25CF9E4FD81 /* libPods-AutoLayoutTextViewsDemo.a in Frameworks */,
			);
			runOnlyForDeploymentPostprocessing = 0;
		};
/* End PBXFrameworksBuildPhase section */

/* Begin PBXGroup section */
		1710778FDA2F6FA51429CCD5 /* Pods */ = {
			isa = PBXGroup;
			children = (
				BE5DDBA6AE799EA89456BC1A /* Pods-AutoLayoutTextViewsDemo.debug.xcconfig */,
				51292E7F96A1AFFE4C821792 /* Pods-AutoLayoutTextViewsDemo.release.xcconfig */,
				818333B692AE1B0E33029DB0 /* Pods-AutoLayoutTextViewsDemo.debug.xcconfig */,
				2BE76039C2C7EEA18CED60A5 /* Pods-AutoLayoutTextViewsDemo.release.xcconfig */,
				65D127BDD1EEDFD8C0FF43B7 /* Pods-AutoLayoutTextViews-AutoLayoutTextViewsDemo.debug.xcconfig */,
				2DFB6B9C62D372274CCEAB0B /* Pods-AutoLayoutTextViews-AutoLayoutTextViewsDemo.release.xcconfig */,
			);
			name = Pods;
			sourceTree = "<group>";
		};
		44608503194286690093A6FA = {
			isa = PBXGroup;
			children = (
				44608515194286690093A6FA /* AutoLayoutTextViewsDemo */,
				4460850E194286690093A6FA /* Frameworks */,
				4460850D194286690093A6FA /* Products */,
				1710778FDA2F6FA51429CCD5 /* Pods */,
			);
			sourceTree = "<group>";
		};
		4460850D194286690093A6FA /* Products */ = {
			isa = PBXGroup;
			children = (
				4460850C194286690093A6FA /* AutoLayoutTextViewsDemo.app */,
			);
			name = Products;
			sourceTree = "<group>";
		};
		4460850E194286690093A6FA /* Frameworks */ = {
			isa = PBXGroup;
			children = (
				42F31B1E1DE4A2A6002099AE /* libPods-AutoLayoutTextViewsDemo.a */,
				CCFC0BAE800147B481EB2390 /* libPods-AutoLayoutTextViewsDemo.a */,
				37CC977061B34842E205F1FA /* libPods-AutoLayoutTextViews-AutoLayoutTextViewsDemo.a */,
			);
			name = Frameworks;
			sourceTree = "<group>";
		};
		44608515194286690093A6FA /* AutoLayoutTextViewsDemo */ = {
			isa = PBXGroup;
			children = (
				4460851E194286690093A6FA /* ALAppDelegate.h */,
				4460851F194286690093A6FA /* ALAppDelegate.m */,
				44608544194286720093A6FA /* Controllers */,
				4460854B1942887F0093A6FA /* Views */,
				44608516194286690093A6FA /* Supporting Files */,
			);
			path = AutoLayoutTextViewsDemo;
			sourceTree = "<group>";
		};
		44608516194286690093A6FA /* Supporting Files */ = {
			isa = PBXGroup;
			children = (
				44608527194286690093A6FA /* Images.xcassets */,
				44608517194286690093A6FA /* AutoLayoutTextViewsDemo-Info.plist */,
				44608518194286690093A6FA /* InfoPlist.strings */,
				4460851B194286690093A6FA /* main.m */,
				4460851D194286690093A6FA /* AutoLayoutTextViewsDemo-Prefix.pch */,
			);
			name = "Supporting Files";
			sourceTree = "<group>";
		};
		44608544194286720093A6FA /* Controllers */ = {
			isa = PBXGroup;
			children = (
				448D9DF41946743300453E69 /* ALTextViewController.h */,
				448D9DF51946743300453E69 /* ALTextViewController.m */,
				44608524194286690093A6FA /* ALTableViewController.h */,
				44608525194286690093A6FA /* ALTableViewController.m */,
				92D8DF861A09AB16006F106A /* ALAutoResizingTextViewTableViewController.h */,
				92D8DF871A09AB16006F106A /* ALAutoResizingTextViewTableViewController.m */,
			);
			name = Controllers;
			sourceTree = "<group>";
		};
		4460854B1942887F0093A6FA /* Views */ = {
			isa = PBXGroup;
			children = (
				42D0157E1A09C82B00D2950F /* ALTextViewCell.h */,
				42D0157F1A09C82B00D2950F /* ALTextViewCell.m */,
				44608521194286690093A6FA /* Main.storyboard */,
			);
			name = Views;
			sourceTree = "<group>";
		};
/* End PBXGroup section */

/* Begin PBXNativeTarget section */
		4460850B194286690093A6FA /* AutoLayoutTextViewsDemo */ = {
			isa = PBXNativeTarget;
			buildConfigurationList = 4460853E194286690093A6FA /* Build configuration list for PBXNativeTarget "AutoLayoutTextViewsDemo" */;
			buildPhases = (
				48AC5D1F2B7C490899E425E0 /* [CP] Check Pods Manifest.lock */,
				44608508194286690093A6FA /* Sources */,
				44608509194286690093A6FA /* Frameworks */,
				4460850A194286690093A6FA /* Resources */,
				FB9D0AA459E34F9F8F778979 /* [CP] Copy Pods Resources */,
				39008B6E526BA84E9FB17D67 /* [CP] Embed Pods Frameworks */,
			);
			buildRules = (
			);
			dependencies = (
			);
			name = AutoLayoutTextViewsDemo;
			productName = Demo;
			productReference = 4460850C194286690093A6FA /* AutoLayoutTextViewsDemo.app */;
			productType = "com.apple.product-type.application";
		};
/* End PBXNativeTarget section */

/* Begin PBXProject section */
		44608504194286690093A6FA /* Project object */ = {
			isa = PBXProject;
			attributes = {
				CLASSPREFIX = AO;
				LastUpgradeCheck = 0810;
				ORGANIZATIONNAME = "App-Order, LLC";
			};
			buildConfigurationList = 44608507194286690093A6FA /* Build configuration list for PBXProject "AutoLayoutTextViewsDemo" */;
			compatibilityVersion = "Xcode 3.2";
			developmentRegion = English;
			hasScannedForEncodings = 0;
			knownRegions = (
				en,
				Base,
			);
			mainGroup = 44608503194286690093A6FA;
			productRefGroup = 4460850D194286690093A6FA /* Products */;
			projectDirPath = "";
			projectRoot = "";
			targets = (
				4460850B194286690093A6FA /* AutoLayoutTextViewsDemo */,
			);
		};
/* End PBXProject section */

/* Begin PBXResourcesBuildPhase section */
		4460850A194286690093A6FA /* Resources */ = {
			isa = PBXResourcesBuildPhase;
			buildActionMask = 2147483647;
			files = (
				44608528194286690093A6FA /* Images.xcassets in Resources */,
				4460851A194286690093A6FA /* InfoPlist.strings in Resources */,
				44608523194286690093A6FA /* Main.storyboard in Resources */,
			);
			runOnlyForDeploymentPostprocessing = 0;
		};
/* End PBXResourcesBuildPhase section */

/* Begin PBXShellScriptBuildPhase section */
		39008B6E526BA84E9FB17D67 /* [CP] Embed Pods Frameworks */ = {
			isa = PBXShellScriptBuildPhase;
			buildActionMask = 2147483647;
			files = (
			);
			inputPaths = (
			);
			name = "[CP] Embed Pods Frameworks";
			outputPaths = (
			);
			runOnlyForDeploymentPostprocessing = 0;
			shellPath = /bin/sh;
			shellScript = "\"${SRCROOT}/../Pods/Target Support Files/Pods-AutoLayoutTextViewsDemo/Pods-AutoLayoutTextViewsDemo-frameworks.sh\"\n";
			showEnvVarsInLog = 0;
		};
		48AC5D1F2B7C490899E425E0 /* [CP] Check Pods Manifest.lock */ = {
			isa = PBXShellScriptBuildPhase;
			buildActionMask = 2147483647;
			files = (
			);
			inputPaths = (
			);
			name = "[CP] Check Pods Manifest.lock";
			outputPaths = (
			);
			runOnlyForDeploymentPostprocessing = 0;
			shellPath = /bin/sh;
			shellScript = "diff \"${PODS_ROOT}/../Podfile.lock\" \"${PODS_ROOT}/Manifest.lock\" > /dev/null\nif [ $? != 0 ] ; then\n    # print error to STDERR\n    echo \"error: The sandbox is not in sync with the Podfile.lock. Run \'pod install\' or update your CocoaPods installation.\" >&2\n    exit 1\nfi\n";
			showEnvVarsInLog = 0;
		};
		FB9D0AA459E34F9F8F778979 /* [CP] Copy Pods Resources */ = {
			isa = PBXShellScriptBuildPhase;
			buildActionMask = 2147483647;
			files = (
			);
			inputPaths = (
			);
			name = "[CP] Copy Pods Resources";
			outputPaths = (
			);
			runOnlyForDeploymentPostprocessing = 0;
			shellPath = /bin/sh;
			shellScript = "\"${SRCROOT}/../Pods/Target Support Files/Pods-AutoLayoutTextViewsDemo/Pods-AutoLayoutTextViewsDemo-resources.sh\"\n";
			showEnvVarsInLog = 0;
		};
/* End PBXShellScriptBuildPhase section */

/* Begin PBXSourcesBuildPhase section */
		44608508194286690093A6FA /* Sources */ = {
			isa = PBXSourcesBuildPhase;
			buildActionMask = 2147483647;
			files = (
				44608520194286690093A6FA /* ALAppDelegate.m in Sources */,
				448D9DF61946743300453E69 /* ALTextViewController.m in Sources */,
				92D8DF881A09AB16006F106A /* ALAutoResizingTextViewTableViewController.m in Sources */,
				44608526194286690093A6FA /* ALTableViewController.m in Sources */,
				42D015801A09C82B00D2950F /* ALTextViewCell.m in Sources */,
				4460851C194286690093A6FA /* main.m in Sources */,
			);
			runOnlyForDeploymentPostprocessing = 0;
		};
/* End PBXSourcesBuildPhase section */

/* Begin PBXVariantGroup section */
		44608518194286690093A6FA /* InfoPlist.strings */ = {
			isa = PBXVariantGroup;
			children = (
				44608519194286690093A6FA /* en */,
			);
			name = InfoPlist.strings;
			sourceTree = "<group>";
		};
		44608521194286690093A6FA /* Main.storyboard */ = {
			isa = PBXVariantGroup;
			children = (
				44608522194286690093A6FA /* Base */,
			);
			name = Main.storyboard;
			sourceTree = "<group>";
		};
/* End PBXVariantGroup section */

/* Begin XCBuildConfiguration section */
		4460853C194286690093A6FA /* Debug */ = {
			isa = XCBuildConfiguration;
			buildSettings = {
				ALWAYS_SEARCH_USER_PATHS = NO;
				CLANG_CXX_LANGUAGE_STANDARD = "gnu++0x";
				CLANG_CXX_LIBRARY = "libc++";
				CLANG_ENABLE_MODULES = YES;
				CLANG_ENABLE_OBJC_ARC = YES;
				CLANG_WARN_BOOL_CONVERSION = YES;
				CLANG_WARN_CONSTANT_CONVERSION = YES;
				CLANG_WARN_DIRECT_OBJC_ISA_USAGE = YES_ERROR;
				CLANG_WARN_EMPTY_BODY = YES;
				CLANG_WARN_ENUM_CONVERSION = YES;
				CLANG_WARN_INFINITE_RECURSION = YES;
				CLANG_WARN_INT_CONVERSION = YES;
				CLANG_WARN_OBJC_ROOT_CLASS = YES_ERROR;
				CLANG_WARN_SUSPICIOUS_MOVE = YES;
				CLANG_WARN_UNREACHABLE_CODE = YES;
				CLANG_WARN__DUPLICATE_METHOD_MATCH = YES;
				"CODE_SIGN_IDENTITY[sdk=iphoneos*]" = "iPhone Developer";
				COPY_PHASE_STRIP = NO;
				ENABLE_STRICT_OBJC_MSGSEND = YES;
				ENABLE_TESTABILITY = YES;
				GCC_C_LANGUAGE_STANDARD = gnu99;
				GCC_DYNAMIC_NO_PIC = NO;
				GCC_NO_COMMON_BLOCKS = YES;
				GCC_OPTIMIZATION_LEVEL = 0;
				GCC_PREPROCESSOR_DEFINITIONS = (
					"DEBUG=1",
					"$(inherited)",
				);
				GCC_SYMBOLS_PRIVATE_EXTERN = NO;
				GCC_WARN_64_TO_32_BIT_CONVERSION = YES;
				GCC_WARN_ABOUT_RETURN_TYPE = YES_ERROR;
				GCC_WARN_UNDECLARED_SELECTOR = YES;
				GCC_WARN_UNINITIALIZED_AUTOS = YES_AGGRESSIVE;
				GCC_WARN_UNUSED_FUNCTION = YES;
				GCC_WARN_UNUSED_VARIABLE = YES;
				IPHONEOS_DEPLOYMENT_TARGET = 8.0;
				ONLY_ACTIVE_ARCH = YES;
				SDKROOT = iphoneos;
			};
			name = Debug;
		};
		4460853D194286690093A6FA /* Release */ = {
			isa = XCBuildConfiguration;
			buildSettings = {
				ALWAYS_SEARCH_USER_PATHS = NO;
				CLANG_CXX_LANGUAGE_STANDARD = "gnu++0x";
				CLANG_CXX_LIBRARY = "libc++";
				CLANG_ENABLE_MODULES = YES;
				CLANG_ENABLE_OBJC_ARC = YES;
				CLANG_WARN_BOOL_CONVERSION = YES;
				CLANG_WARN_CONSTANT_CONVERSION = YES;
				CLANG_WARN_DIRECT_OBJC_ISA_USAGE = YES_ERROR;
				CLANG_WARN_EMPTY_BODY = YES;
				CLANG_WARN_ENUM_CONVERSION = YES;
				CLANG_WARN_INFINITE_RECURSION = YES;
				CLANG_WARN_INT_CONVERSION = YES;
				CLANG_WARN_OBJC_ROOT_CLASS = YES_ERROR;
				CLANG_WARN_SUSPICIOUS_MOVE = YES;
				CLANG_WARN_UNREACHABLE_CODE = YES;
				CLANG_WARN__DUPLICATE_METHOD_MATCH = YES;
				"CODE_SIGN_IDENTITY[sdk=iphoneos*]" = "iPhone Developer";
				COPY_PHASE_STRIP = YES;
				ENABLE_NS_ASSERTIONS = NO;
				ENABLE_STRICT_OBJC_MSGSEND = YES;
				GCC_C_LANGUAGE_STANDARD = gnu99;
				GCC_NO_COMMON_BLOCKS = YES;
				GCC_WARN_64_TO_32_BIT_CONVERSION = YES;
				GCC_WARN_ABOUT_RETURN_TYPE = YES_ERROR;
				GCC_WARN_UNDECLARED_SELECTOR = YES;
				GCC_WARN_UNINITIALIZED_AUTOS = YES_AGGRESSIVE;
				GCC_WARN_UNUSED_FUNCTION = YES;
				GCC_WARN_UNUSED_VARIABLE = YES;
				IPHONEOS_DEPLOYMENT_TARGET = 8.0;
				SDKROOT = iphoneos;
				VALIDATE_PRODUCT = YES;
			};
			name = Release;
		};
		4460853F194286690093A6FA /* Debug */ = {
			isa = XCBuildConfiguration;
			baseConfigurationReference = 818333B692AE1B0E33029DB0 /* Pods-AutoLayoutTextViewsDemo.debug.xcconfig */;
			buildSettings = {
				ASSETCATALOG_COMPILER_APPICON_NAME = AppIcon;
				ASSETCATALOG_COMPILER_LAUNCHIMAGE_NAME = LaunchImage;
				GCC_PRECOMPILE_PREFIX_HEADER = YES;
				GCC_PREFIX_HEADER = "AutoLayoutTextViewsDemo/AutoLayoutTextViewsDemo-Prefix.pch";
				INFOPLIST_FILE = "AutoLayoutTextViewsDemo/AutoLayoutTextViewsDemo-Info.plist";
				IPHONEOS_DEPLOYMENT_TARGET = 8.0;
				PRODUCT_BUNDLE_IDENTIFIER = "com.jrgdeveloper.${PRODUCT_NAME:rfc1034identifier}";
				PRODUCT_NAME = AutoLayoutTextViewsDemo;
				WRAPPER_EXTENSION = app;
			};
			name = Debug;
		};
		44608540194286690093A6FA /* Release */ = {
			isa = XCBuildConfiguration;
			baseConfigurationReference = 2BE76039C2C7EEA18CED60A5 /* Pods-AutoLayoutTextViewsDemo.release.xcconfig */;
			buildSettings = {
				ASSETCATALOG_COMPILER_APPICON_NAME = AppIcon;
				ASSETCATALOG_COMPILER_LAUNCHIMAGE_NAME = LaunchImage;
				GCC_PRECOMPILE_PREFIX_HEADER = YES;
				GCC_PREFIX_HEADER = "AutoLayoutTextViewsDemo/AutoLayoutTextViewsDemo-Prefix.pch";
				INFOPLIST_FILE = "AutoLayoutTextViewsDemo/AutoLayoutTextViewsDemo-Info.plist";
				IPHONEOS_DEPLOYMENT_TARGET = 8.0;
				PRODUCT_BUNDLE_IDENTIFIER = "com.jrgdeveloper.${PRODUCT_NAME:rfc1034identifier}";
				PRODUCT_NAME = AutoLayoutTextViewsDemo;
				WRAPPER_EXTENSION = app;
			};
			name = Release;
		};
/* End XCBuildConfiguration section */

/* Begin XCConfigurationList section */
		44608507194286690093A6FA /* Build configuration list for PBXProject "AutoLayoutTextViewsDemo" */ = {
			isa = XCConfigurationList;
			buildConfigurations = (
				4460853C194286690093A6FA /* Debug */,
				4460853D194286690093A6FA /* Release */,
			);
			defaultConfigurationIsVisible = 0;
			defaultConfigurationName = Release;
		};
		4460853E194286690093A6FA /* Build configuration list for PBXNativeTarget "AutoLayoutTextViewsDemo" */ = {
			isa = XCConfigurationList;
			buildConfigurations = (
				4460853F194286690093A6FA /* Debug */,
				44608540194286690093A6FA /* Release */,
			);
			defaultConfigurationIsVisible = 0;
			defaultConfigurationName = Release;
		};
/* End XCConfigurationList section */
	};
	rootObject = 44608504194286690093A6FA /* Project object */;
}
