// !$*UTF8*$!
{
	archiveVersion = 1;
	classes = {
	};
	objectVersion = 46;
	objects = {

/* Begin PBXBuildFile section */
		42613CEF1A09AFCB00CAEDBB /* Test_ALKeyboardAvoidingTextView.m in Sources */ = {isa = PBXBuildFile; fileRef = 42613CEE1A09AFCB00CAEDBB /* Test_ALKeyboardAvoidingTextView.m */; };
		446084F9194282310093A6FA /* ALAutoResizingTextView.m in Sources */ = {isa = PBXBuildFile; fileRef = 446084F8194282310093A6FA /* ALAutoResizingTextView.m */; };
		44608500194283600093A6FA /* ALPlaceholderTextView.m in Sources */ = {isa = PBXBuildFile; fileRef = 446084FF194283600093A6FA /* ALPlaceholderTextView.m */; };
		4460854D19429A520093A6FA /* ALPlaceholderTextViewTests.m in Sources */ = {isa = PBXBuildFile; fileRef = 4460854C19429A520093A6FA /* ALPlaceholderTextViewTests.m */; };
		4460855219429FEA0093A6FA /* Test_ALPlaceholderTextView.m in Sources */ = {isa = PBXBuildFile; fileRef = 4460855119429FEA0093A6FA /* Test_ALPlaceholderTextView.m */; };
		447BD46819413B840062487D /* InfoPlist.strings in Resources */ = {isa = PBXBuildFile; fileRef = 447BD46619413B840062487D /* InfoPlist.strings */; };
		449026B4197325DA00A737C3 /* ALKeyboardAvoidingTextViewTests.m in Sources */ = {isa = PBXBuildFile; fileRef = 448D9DFA1946801D00453E69 /* ALKeyboardAvoidingTextViewTests.m */; };
		449026B519732E9700A737C3 /* ALAutoResizingTextViewTests.m in Sources */ = {isa = PBXBuildFile; fileRef = 448FA0C4194639EF00F79989 /* ALAutoResizingTextViewTests.m */; };
		44A095891970F153000ED5B6 /* libAutoLayoutTextViews.a in Frameworks */ = {isa = PBXBuildFile; fileRef = 447BD44A19413B840062487D /* libAutoLayoutTextViews.a */; };
		44FC5CEF19463C43004812F4 /* Test_ALAutoResizingTextView.m in Sources */ = {isa = PBXBuildFile; fileRef = 44FC5CEE19463C43004812F4 /* Test_ALAutoResizingTextView.m */; };
		44FC5CF21946581C004812F4 /* ALKeyboardAvoidingTextView.m in Sources */ = {isa = PBXBuildFile; fileRef = 44FC5CF11946581C004812F4 /* ALKeyboardAvoidingTextView.m */; };
		A60DACFB16749A897814CF34 /* Pods_AutoLayoutTextViewsTests.framework in Frameworks */ = {isa = PBXBuildFile; fileRef = 8EC01258D205DAEED35D82B6 /* Pods_AutoLayoutTextViewsTests.framework */; };
		C2E642A4F1441E417D339249 /* Pods_AutoLayoutTextViews.framework in Frameworks */ = {isa = PBXBuildFile; fileRef = D5566B83FB9EFB1D2501F725 /* Pods_AutoLayoutTextViews.framework */; };
/* End PBXBuildFile section */

/* Begin PBXContainerItemProxy section */
		447BD46019413B840062487D /* PBXContainerItemProxy */ = {
			isa = PBXContainerItemProxy;
			containerPortal = 447BD44219413B840062487D /* Project object */;
			proxyType = 1;
			remoteGlobalIDString = 447BD44919413B840062487D;
			remoteInfo = AOTextViews;
		};
/* End PBXContainerItemProxy section */

/* Begin PBXCopyFilesBuildPhase section */
		447BD44819413B840062487D /* CopyFiles */ = {
			isa = PBXCopyFilesBuildPhase;
			buildActionMask = 2147483647;
			dstPath = "include/$(PRODUCT_NAME)";
			dstSubfolderSpec = 16;
			files = (
			);
			runOnlyForDeploymentPostprocessing = 0;
		};
/* End PBXCopyFilesBuildPhase section */

/* Begin PBXFileReference section */
		3C97E920332596DBD4729856 /* Pods-AutoLayoutTextViews.release.xcconfig */ = {isa = PBXFileReference; includeInIndex = 1; lastKnownFileType = text.xcconfig; name = "Pods-AutoLayoutTextViews.release.xcconfig"; path = "Pods/Target Support Files/Pods-AutoLayoutTextViews/Pods-AutoLayoutTextViews.release.xcconfig"; sourceTree = "<group>"; };
		42613CED1A09AFCB00CAEDBB /* Test_ALKeyboardAvoidingTextView.h */ = {isa = PBXFileReference; fileEncoding = 4; lastKnownFileType = sourcecode.c.h; path = Test_ALKeyboardAvoidingTextView.h; sourceTree = "<group>"; };
		42613CEE1A09AFCB00CAEDBB /* Test_ALKeyboardAvoidingTextView.m */ = {isa = PBXFileReference; fileEncoding = 4; lastKnownFileType = sourcecode.c.objc; path = Test_ALKeyboardAvoidingTextView.m; sourceTree = "<group>"; };
		446084F7194282310093A6FA /* ALAutoResizingTextView.h */ = {isa = PBXFileReference; fileEncoding = 4; lastKnownFileType = sourcecode.c.h; path = ALAutoResizingTextView.h; sourceTree = "<group>"; };
		446084F8194282310093A6FA /* ALAutoResizingTextView.m */ = {isa = PBXFileReference; fileEncoding = 4; lastKnownFileType = sourcecode.c.objc; lineEnding = 0; path = ALAutoResizingTextView.m; sourceTree = "<group>"; };
		446084FE194283600093A6FA /* ALPlaceholderTextView.h */ = {isa = PBXFileReference; fileEncoding = 4; lastKnownFileType = sourcecode.c.h; lineEnding = 0; path = ALPlaceholderTextView.h; sourceTree = "<group>"; };
		446084FF194283600093A6FA /* ALPlaceholderTextView.m */ = {isa = PBXFileReference; fileEncoding = 4; lastKnownFileType = sourcecode.c.objc; lineEnding = 0; path = ALPlaceholderTextView.m; sourceTree = "<group>"; };
		4460854C19429A520093A6FA /* ALPlaceholderTextViewTests.m */ = {isa = PBXFileReference; fileEncoding = 4; lastKnownFileType = sourcecode.c.objc; lineEnding = 0; path = ALPlaceholderTextViewTests.m; sourceTree = "<group>"; xcLanguageSpecificationIdentifier = xcode.lang.objc; };
		4460855019429FEA0093A6FA /* Test_ALPlaceholderTextView.h */ = {isa = PBXFileReference; fileEncoding = 4; lastKnownFileType = sourcecode.c.h; path = Test_ALPlaceholderTextView.h; sourceTree = "<group>"; };
		4460855119429FEA0093A6FA /* Test_ALPlaceholderTextView.m */ = {isa = PBXFileReference; fileEncoding = 4; lastKnownFileType = sourcecode.c.objc; path = Test_ALPlaceholderTextView.m; sourceTree = "<group>"; };
		447BD44A19413B840062487D /* libAutoLayoutTextViews.a */ = {isa = PBXFileReference; explicitFileType = archive.ar; includeInIndex = 0; path = libAutoLayoutTextViews.a; sourceTree = BUILT_PRODUCTS_DIR; };
		447BD44D19413B840062487D /* Foundation.framework */ = {isa = PBXFileReference; lastKnownFileType = wrapper.framework; name = Foundation.framework; path = System/Library/Frameworks/Foundation.framework; sourceTree = SDKROOT; };
		447BD45119413B840062487D /* AutoLayoutTextViews-Prefix.pch */ = {isa = PBXFileReference; lastKnownFileType = sourcecode.c.h; path = "AutoLayoutTextViews-Prefix.pch"; sourceTree = "<group>"; };
		447BD45A19413B840062487D /* AutoLayoutTextViewsTests.xctest */ = {isa = PBXFileReference; explicitFileType = wrapper.cfbundle; includeInIndex = 0; path = AutoLayoutTextViewsTests.xctest; sourceTree = BUILT_PRODUCTS_DIR; };
		447BD45B19413B840062487D /* XCTest.framework */ = {isa = PBXFileReference; lastKnownFileType = wrapper.framework; name = XCTest.framework; path = Library/Frameworks/XCTest.framework; sourceTree = DEVELOPER_DIR; };
		447BD45E19413B840062487D /* UIKit.framework */ = {isa = PBXFileReference; lastKnownFileType = wrapper.framework; name = UIKit.framework; path = Library/Frameworks/UIKit.framework; sourceTree = DEVELOPER_DIR; };
		447BD46519413B840062487D /* AutoLayoutTextViewsTests-Info.plist */ = {isa = PBXFileReference; lastKnownFileType = text.plist.xml; path = "AutoLayoutTextViewsTests-Info.plist"; sourceTree = "<group>"; };
		447BD46719413B840062487D /* en */ = {isa = PBXFileReference; lastKnownFileType = text.plist.strings; name = en; path = en.lproj/InfoPlist.strings; sourceTree = "<group>"; };
		448D9DF3194671C700453E69 /* AutoLayoutTextViews.h */ = {isa = PBXFileReference; lastKnownFileType = sourcecode.c.h; path = AutoLayoutTextViews.h; sourceTree = "<group>"; };
		448D9DFA1946801D00453E69 /* ALKeyboardAvoidingTextViewTests.m */ = {isa = PBXFileReference; fileEncoding = 4; lastKnownFileType = sourcecode.c.objc; path = ALKeyboardAvoidingTextViewTests.m; sourceTree = "<group>"; };
		448FA0C4194639EF00F79989 /* ALAutoResizingTextViewTests.m */ = {isa = PBXFileReference; fileEncoding = 4; lastKnownFileType = sourcecode.c.objc; lineEnding = 0; path = ALAutoResizingTextViewTests.m; sourceTree = "<group>"; xcLanguageSpecificationIdentifier = xcode.lang.objc; };
		44FC5CED19463C43004812F4 /* Test_ALAutoResizingTextView.h */ = {isa = PBXFileReference; fileEncoding = 4; lastKnownFileType = sourcecode.c.h; path = Test_ALAutoResizingTextView.h; sourceTree = "<group>"; };
		44FC5CEE19463C43004812F4 /* Test_ALAutoResizingTextView.m */ = {isa = PBXFileReference; fileEncoding = 4; lastKnownFileType = sourcecode.c.objc; lineEnding = 0; path = Test_ALAutoResizingTextView.m; sourceTree = "<group>"; xcLanguageSpecificationIdentifier = xcode.lang.objc; };
		44FC5CF01946581C004812F4 /* ALKeyboardAvoidingTextView.h */ = {isa = PBXFileReference; fileEncoding = 4; lastKnownFileType = sourcecode.c.h; path = ALKeyboardAvoidingTextView.h; sourceTree = "<group>"; };
		44FC5CF11946581C004812F4 /* ALKeyboardAvoidingTextView.m */ = {isa = PBXFileReference; fileEncoding = 4; lastKnownFileType = sourcecode.c.objc; path = ALKeyboardAvoidingTextView.m; sourceTree = "<group>"; };
		64858685EF628981D5ECE76A /* libPods-AutoLayoutTextViews-AutoLayoutTextViewsTests.a */ = {isa = PBXFileReference; explicitFileType = archive.ar; includeInIndex = 0; path = "libPods-AutoLayoutTextViews-AutoLayoutTextViewsTests.a"; sourceTree = BUILT_PRODUCTS_DIR; };
		8EC01258D205DAEED35D82B6 /* Pods_AutoLayoutTextViewsTests.framework */ = {isa = PBXFileReference; explicitFileType = wrapper.framework; includeInIndex = 0; path = Pods_AutoLayoutTextViewsTests.framework; sourceTree = BUILT_PRODUCTS_DIR; };
		9E5D89973620E899D9995AA5 /* Pods-AutoLayoutTextViews-AutoLayoutTextViewsTests.debug.xcconfig */ = {isa = PBXFileReference; includeInIndex = 1; lastKnownFileType = text.xcconfig; name = "Pods-AutoLayoutTextViews-AutoLayoutTextViewsTests.debug.xcconfig"; path = "Pods/Target Support Files/Pods-AutoLayoutTextViews-AutoLayoutTextViewsTests/Pods-AutoLayoutTextViews-AutoLayoutTextViewsTests.debug.xcconfig"; sourceTree = "<group>"; };
		B90A51AFD8D34D01331B1B4C /* Pods-AutoLayoutTextViewsTests.debug.xcconfig */ = {isa = PBXFileReference; includeInIndex = 1; lastKnownFileType = text.xcconfig; name = "Pods-AutoLayoutTextViewsTests.debug.xcconfig"; path = "Pods/Target Support Files/Pods-AutoLayoutTextViewsTests/Pods-AutoLayoutTextViewsTests.debug.xcconfig"; sourceTree = "<group>"; };
		D1D2A9FC6FA1EE2FCB9D6CA4 /* Pods-AutoLayoutTextViewsTests.release.xcconfig */ = {isa = PBXFileReference; includeInIndex = 1; lastKnownFileType = text.xcconfig; name = "Pods-AutoLayoutTextViewsTests.release.xcconfig"; path = "Pods/Target Support Files/Pods-AutoLayoutTextViewsTests/Pods-AutoLayoutTextViewsTests.release.xcconfig"; sourceTree = "<group>"; };
		D5566B83FB9EFB1D2501F725 /* Pods_AutoLayoutTextViews.framework */ = {isa = PBXFileReference; explicitFileType = wrapper.framework; includeInIndex = 0; path = Pods_AutoLayoutTextViews.framework; sourceTree = BUILT_PRODUCTS_DIR; };
		F709BA331C6B0ADAE8E98165 /* Pods-AutoLayoutTextViews.debug.xcconfig */ = {isa = PBXFileReference; includeInIndex = 1; lastKnownFileType = text.xcconfig; name = "Pods-AutoLayoutTextViews.debug.xcconfig"; path = "Pods/Target Support Files/Pods-AutoLayoutTextViews/Pods-AutoLayoutTextViews.debug.xcconfig"; sourceTree = "<group>"; };
		FA9A3324D32230CC88F7A991 /* Pods-AutoLayoutTextViews-AutoLayoutTextViewsTests.release.xcconfig */ = {isa = PBXFileReference; includeInIndex = 1; lastKnownFileType = text.xcconfig; name = "Pods-AutoLayoutTextViews-AutoLayoutTextViewsTests.release.xcconfig"; path = "Pods/Target Support Files/Pods-AutoLayoutTextViews-AutoLayoutTextViewsTests/Pods-AutoLayoutTextViews-AutoLayoutTextViewsTests.release.xcconfig"; sourceTree = "<group>"; };
/* End PBXFileReference section */

/* Begin PBXFrameworksBuildPhase section */
		447BD44719413B840062487D /* Frameworks */ = {
			isa = PBXFrameworksBuildPhase;
			buildActionMask = 2147483647;
			files = (
				C2E642A4F1441E417D339249 /* Pods_AutoLayoutTextViews.framework in Frameworks */,
			);
			runOnlyForDeploymentPostprocessing = 0;
		};
		447BD45719413B840062487D /* Frameworks */ = {
			isa = PBXFrameworksBuildPhase;
			buildActionMask = 2147483647;
			files = (
				44A095891970F153000ED5B6 /* libAutoLayoutTextViews.a in Frameworks */,
				A60DACFB16749A897814CF34 /* Pods_AutoLayoutTextViewsTests.framework in Frameworks */,
			);
			runOnlyForDeploymentPostprocessing = 0;
		};
/* End PBXFrameworksBuildPhase section */

/* Begin PBXGroup section */
		44608502194283AC0093A6FA /* Views */ = {
			isa = PBXGroup;
			children = (
				446084F7194282310093A6FA /* ALAutoResizingTextView.h */,
				446084F8194282310093A6FA /* ALAutoResizingTextView.m */,
				44FC5CF01946581C004812F4 /* ALKeyboardAvoidingTextView.h */,
				44FC5CF11946581C004812F4 /* ALKeyboardAvoidingTextView.m */,
				446084FE194283600093A6FA /* ALPlaceholderTextView.h */,
				446084FF194283600093A6FA /* ALPlaceholderTextView.m */,
			);
			name = Views;
			sourceTree = "<group>";
		};
		4460854E19429FCE0093A6FA /* Cases */ = {
			isa = PBXGroup;
			children = (
				448FA0C4194639EF00F79989 /* ALAutoResizingTextViewTests.m */,
				4460854C19429A520093A6FA /* ALPlaceholderTextViewTests.m */,
				448D9DFA1946801D00453E69 /* ALKeyboardAvoidingTextViewTests.m */,
			);
			name = Cases;
			sourceTree = "<group>";
		};
		4460854F19429FD40093A6FA /* Classes */ = {
			isa = PBXGroup;
			children = (
				44FC5CED19463C43004812F4 /* Test_ALAutoResizingTextView.h */,
				44FC5CEE19463C43004812F4 /* Test_ALAutoResizingTextView.m */,
				42613CED1A09AFCB00CAEDBB /* Test_ALKeyboardAvoidingTextView.h */,
				42613CEE1A09AFCB00CAEDBB /* Test_ALKeyboardAvoidingTextView.m */,
				4460855019429FEA0093A6FA /* Test_ALPlaceholderTextView.h */,
				4460855119429FEA0093A6FA /* Test_ALPlaceholderTextView.m */,
			);
			name = Classes;
			sourceTree = "<group>";
		};
		447BD44119413B840062487D = {
			isa = PBXGroup;
			children = (
				447BD44F19413B840062487D /* AutoLayoutTextViews */,
				447BD46319413B840062487D /* AutoLayoutTextViewsTests */,
				447BD44C19413B840062487D /* Frameworks */,
				447BD44B19413B840062487D /* Products */,
				7F3FDEA9E08B7C5B59C4421E /* Pods */,
			);
			sourceTree = "<group>";
		};
		447BD44B19413B840062487D /* Products */ = {
			isa = PBXGroup;
			children = (
				447BD44A19413B840062487D /* libAutoLayoutTextViews.a */,
				447BD45A19413B840062487D /* AutoLayoutTextViewsTests.xctest */,
			);
			name = Products;
			sourceTree = "<group>";
		};
		447BD44C19413B840062487D /* Frameworks */ = {
			isa = PBXGroup;
			children = (
				447BD44D19413B840062487D /* Foundation.framework */,
				447BD45B19413B840062487D /* XCTest.framework */,
				447BD45E19413B840062487D /* UIKit.framework */,
				64858685EF628981D5ECE76A /* libPods-AutoLayoutTextViews-AutoLayoutTextViewsTests.a */,
				D5566B83FB9EFB1D2501F725 /* Pods_AutoLayoutTextViews.framework */,
				8EC01258D205DAEED35D82B6 /* Pods_AutoLayoutTextViewsTests.framework */,
			);
			name = Frameworks;
			sourceTree = "<group>";
		};
		447BD44F19413B840062487D /* AutoLayoutTextViews */ = {
			isa = PBXGroup;
			children = (
				448D9DF3194671C700453E69 /* AutoLayoutTextViews.h */,
				44608502194283AC0093A6FA /* Views */,
				447BD45019413B840062487D /* Supporting Files */,
			);
			path = AutoLayoutTextViews;
			sourceTree = "<group>";
		};
		447BD45019413B840062487D /* Supporting Files */ = {
			isa = PBXGroup;
			children = (
				447BD45119413B840062487D /* AutoLayoutTextViews-Prefix.pch */,
			);
			name = "Supporting Files";
			sourceTree = "<group>";
		};
		447BD46319413B840062487D /* AutoLayoutTextViewsTests */ = {
			isa = PBXGroup;
			children = (
				4460854E19429FCE0093A6FA /* Cases */,
				4460854F19429FD40093A6FA /* Classes */,
				447BD46419413B840062487D /* Supporting Files */,
			);
			path = AutoLayoutTextViewsTests;
			sourceTree = "<group>";
		};
		447BD46419413B840062487D /* Supporting Files */ = {
			isa = PBXGroup;
			children = (
				447BD46519413B840062487D /* AutoLayoutTextViewsTests-Info.plist */,
				447BD46619413B840062487D /* InfoPlist.strings */,
			);
			name = "Supporting Files";
			sourceTree = "<group>";
		};
		7F3FDEA9E08B7C5B59C4421E /* Pods */ = {
			isa = PBXGroup;
			children = (
				F709BA331C6B0ADAE8E98165 /* Pods-AutoLayoutTextViews.debug.xcconfig */,
				3C97E920332596DBD4729856 /* Pods-AutoLayoutTextViews.release.xcconfig */,
				B90A51AFD8D34D01331B1B4C /* Pods-AutoLayoutTextViewsTests.debug.xcconfig */,
				D1D2A9FC6FA1EE2FCB9D6CA4 /* Pods-AutoLayoutTextViewsTests.release.xcconfig */,
				9E5D89973620E899D9995AA5 /* Pods-AutoLayoutTextViews-AutoLayoutTextViewsTests.debug.xcconfig */,
				FA9A3324D32230CC88F7A991 /* Pods-AutoLayoutTextViews-AutoLayoutTextViewsTests.release.xcconfig */,
			);
			name = Pods;
			sourceTree = "<group>";
		};
/* End PBXGroup section */

/* Begin PBXNativeTarget section */
		447BD44919413B840062487D /* AutoLayoutTextViews */ = {
			isa = PBXNativeTarget;
			buildConfigurationList = 447BD46D19413B840062487D /* Build configuration list for PBXNativeTarget "AutoLayoutTextViews" */;
			buildPhases = (
				0A8DE686AB7C5D1C10615584 /* [CP] Check Pods Manifest.lock */,
				447BD44619413B840062487D /* Sources */,
				447BD44719413B840062487D /* Frameworks */,
				447BD44819413B840062487D /* CopyFiles */,
				DF5E9AB8F4F64E84FD40E6FA /* [CP] Copy Pods Resources */,
			);
			buildRules = (
			);
			dependencies = (
			);
			name = AutoLayoutTextViews;
			productName = AOTextViews;
			productReference = 447BD44A19413B840062487D /* libAutoLayoutTextViews.a */;
			productType = "com.apple.product-type.library.static";
		};
		447BD45919413B840062487D /* AutoLayoutTextViewsTests */ = {
			isa = PBXNativeTarget;
			buildConfigurationList = 447BD47019413B840062487D /* Build configuration list for PBXNativeTarget "AutoLayoutTextViewsTests" */;
			buildPhases = (
				05BA7F88660374D9CE33FF7C /* [CP] Check Pods Manifest.lock */,
				447BD45619413B840062487D /* Sources */,
				447BD45719413B840062487D /* Frameworks */,
				447BD45819413B840062487D /* Resources */,
				C7270F5A23C5C508F495F0C7 /* [CP] Embed Pods Frameworks */,
				48F7E2847664EC8FFB336E64 /* [CP] Copy Pods Resources */,
			);
			buildRules = (
			);
			dependencies = (
				447BD46119413B840062487D /* PBXTargetDependency */,
			);
			name = AutoLayoutTextViewsTests;
			productName = AOTextViewsTests;
			productReference = 447BD45A19413B840062487D /* AutoLayoutTextViewsTests.xctest */;
			productType = "com.apple.product-type.bundle.unit-test";
		};
/* End PBXNativeTarget section */

/* Begin PBXProject section */
		447BD44219413B840062487D /* Project object */ = {
			isa = PBXProject;
			attributes = {
				CLASSPREFIX = AL;
				LastUpgradeCheck = 0810;
				ORGANIZATIONNAME = "";
			};
			buildConfigurationList = 447BD44519413B840062487D /* Build configuration list for PBXProject "AutoLayoutTextViews" */;
			compatibilityVersion = "Xcode 3.2";
			developmentRegion = English;
			hasScannedForEncodings = 0;
			knownRegions = (
				en,
			);
			mainGroup = 447BD44119413B840062487D;
			productRefGroup = 447BD44B19413B840062487D /* Products */;
			projectDirPath = "";
			projectRoot = "";
			targets = (
				447BD44919413B840062487D /* AutoLayoutTextViews */,
				447BD45919413B840062487D /* AutoLayoutTextViewsTests */,
			);
		};
/* End PBXProject section */

/* Begin PBXResourcesBuildPhase section */
		447BD45819413B840062487D /* Resources */ = {
			isa = PBXResourcesBuildPhase;
			buildActionMask = 2147483647;
			files = (
				447BD46819413B840062487D /* InfoPlist.strings in Resources */,
			);
			runOnlyForDeploymentPostprocessing = 0;
		};
/* End PBXResourcesBuildPhase section */

/* Begin PBXShellScriptBuildPhase section */
		05BA7F88660374D9CE33FF7C /* [CP] Check Pods Manifest.lock */ = {
			isa = PBXShellScriptBuildPhase;
			buildActionMask = 2147483647;
			files = (
			);
			inputPaths = (
				"${PODS_PODFILE_DIR_PATH}/Podfile.lock",
				"${PODS_ROOT}/Manifest.lock",
			);
			name = "[CP] Check Pods Manifest.lock";
			outputPaths = (
				"$(DERIVED_FILE_DIR)/Pods-AutoLayoutTextViewsTests-checkManifestLockResult.txt",
			);
			runOnlyForDeploymentPostprocessing = 0;
			shellPath = /bin/sh;
			shellScript = "diff \"${PODS_PODFILE_DIR_PATH}/Podfile.lock\" \"${PODS_ROOT}/Manifest.lock\" > /dev/null\nif [ $? != 0 ] ; then\n    # print error to STDERR\n    echo \"error: The sandbox is not in sync with the Podfile.lock. Run 'pod install' or update your CocoaPods installation.\" >&2\n    exit 1\nfi\n# This output is used by Xcode 'outputs' to avoid re-running this script phase.\necho \"SUCCESS\" > \"${SCRIPT_OUTPUT_FILE_0}\"\n";
			showEnvVarsInLog = 0;
		};
		0A8DE686AB7C5D1C10615584 /* [CP] Check Pods Manifest.lock */ = {
			isa = PBXShellScriptBuildPhase;
			buildActionMask = 2147483647;
			files = (
			);
			inputPaths = (
				"${PODS_PODFILE_DIR_PATH}/Podfile.lock",
				"${PODS_ROOT}/Manifest.lock",
			);
			name = "[CP] Check Pods Manifest.lock";
			outputPaths = (
				"$(DERIVED_FILE_DIR)/Pods-AutoLayoutTextViews-checkManifestLockResult.txt",
			);
			runOnlyForDeploymentPostprocessing = 0;
			shellPath = /bin/sh;
			shellScript = "diff \"${PODS_PODFILE_DIR_PATH}/Podfile.lock\" \"${PODS_ROOT}/Manifest.lock\" > /dev/null\nif [ $? != 0 ] ; then\n    # print error to STDERR\n    echo \"error: The sandbox is not in sync with the Podfile.lock. Run 'pod install' or update your CocoaPods installation.\" >&2\n    exit 1\nfi\n# This output is used by Xcode 'outputs' to avoid re-running this script phase.\necho \"SUCCESS\" > \"${SCRIPT_OUTPUT_FILE_0}\"\n";
			showEnvVarsInLog = 0;
		};
		48F7E2847664EC8FFB336E64 /* [CP] Copy Pods Resources */ = {
			isa = PBXShellScriptBuildPhase;
			buildActionMask = 2147483647;
			files = (
			);
			inputPaths = (
			);
			name = "[CP] Copy Pods Resources";
			outputPaths = (
			);
			runOnlyForDeploymentPostprocessing = 0;
			shellPath = /bin/sh;
			shellScript = "\"${SRCROOT}/Pods/Target Support Files/Pods-AutoLayoutTextViewsTests/Pods-AutoLayoutTextViewsTests-resources.sh\"\n";
			showEnvVarsInLog = 0;
		};
		C7270F5A23C5C508F495F0C7 /* [CP] Embed Pods Frameworks */ = {
			isa = PBXShellScriptBuildPhase;
			buildActionMask = 2147483647;
			files = (
			);
			inputPaths = (
				"${SRCROOT}/Pods/Target Support Files/Pods-AutoLayoutTextViewsTests/Pods-AutoLayoutTextViewsTests-frameworks.sh",
				"${BUILT_PRODUCTS_DIR}/Expecta/Expecta.framework",
				"${BUILT_PRODUCTS_DIR}/OCMock/OCMock.framework",
			);
			name = "[CP] Embed Pods Frameworks";
			outputPaths = (
				"${TARGET_BUILD_DIR}/${FRAMEWORKS_FOLDER_PATH}/Expecta.framework",
				"${TARGET_BUILD_DIR}/${FRAMEWORKS_FOLDER_PATH}/OCMock.framework",
			);
			runOnlyForDeploymentPostprocessing = 0;
			shellPath = /bin/sh;
			shellScript = "\"${SRCROOT}/Pods/Target Support Files/Pods-AutoLayoutTextViewsTests/Pods-AutoLayoutTextViewsTests-frameworks.sh\"\n";
			showEnvVarsInLog = 0;
		};
		DF5E9AB8F4F64E84FD40E6FA /* [CP] Copy Pods Resources */ = {
			isa = PBXShellScriptBuildPhase;
			buildActionMask = 2147483647;
			files = (
			);
			inputPaths = (
			);
			name = "[CP] Copy Pods Resources";
			outputPaths = (
			);
			runOnlyForDeploymentPostprocessing = 0;
			shellPath = /bin/sh;
			shellScript = "\"${SRCROOT}/Pods/Target Support Files/Pods-AutoLayoutTextViews/Pods-AutoLayoutTextViews-resources.sh\"\n";
			showEnvVarsInLog = 0;
		};
/* End PBXShellScriptBuildPhase section */

/* Begin PBXSourcesBuildPhase section */
		447BD44619413B840062487D /* Sources */ = {
			isa = PBXSourcesBuildPhase;
			buildActionMask = 2147483647;
			files = (
				446084F9194282310093A6FA /* ALAutoResizingTextView.m in Sources */,
				44608500194283600093A6FA /* ALPlaceholderTextView.m in Sources */,
				44FC5CF21946581C004812F4 /* ALKeyboardAvoidingTextView.m in Sources */,
			);
			runOnlyForDeploymentPostprocessing = 0;
		};
		447BD45619413B840062487D /* Sources */ = {
			isa = PBXSourcesBuildPhase;
			buildActionMask = 2147483647;
			files = (
				4460854D19429A520093A6FA /* ALPlaceholderTextViewTests.m in Sources */,
				4460855219429FEA0093A6FA /* Test_ALPlaceholderTextView.m in Sources */,
				42613CEF1A09AFCB00CAEDBB /* Test_ALKeyboardAvoidingTextView.m in Sources */,
				449026B4197325DA00A737C3 /* ALKeyboardAvoidingTextViewTests.m in Sources */,
				449026B519732E9700A737C3 /* ALAutoResizingTextViewTests.m in Sources */,
				44FC5CEF19463C43004812F4 /* Test_ALAutoResizingTextView.m in Sources */,
			);
			runOnlyForDeploymentPostprocessing = 0;
		};
/* End PBXSourcesBuildPhase section */

/* Begin PBXTargetDependency section */
		447BD46119413B840062487D /* PBXTargetDependency */ = {
			isa = PBXTargetDependency;
			target = 447BD44919413B840062487D /* AutoLayoutTextViews */;
			targetProxy = 447BD46019413B840062487D /* PBXContainerItemProxy */;
		};
/* End PBXTargetDependency section */

/* Begin PBXVariantGroup section */
		447BD46619413B840062487D /* InfoPlist.strings */ = {
			isa = PBXVariantGroup;
			children = (
				447BD46719413B840062487D /* en */,
			);
			name = InfoPlist.strings;
			sourceTree = "<group>";
		};
/* End PBXVariantGroup section */

/* Begin XCBuildConfiguration section */
		447BD46B19413B840062487D /* Debug */ = {
			isa = XCBuildConfiguration;
			buildSettings = {
				ALWAYS_SEARCH_USER_PATHS = NO;
				CLANG_CXX_LANGUAGE_STANDARD = "gnu++0x";
				CLANG_CXX_LIBRARY = "libc++";
				CLANG_ENABLE_MODULES = YES;
				CLANG_ENABLE_OBJC_ARC = YES;
				CLANG_WARN_BOOL_CONVERSION = YES;
				CLANG_WARN_CONSTANT_CONVERSION = YES;
				CLANG_WARN_DIRECT_OBJC_ISA_USAGE = YES_ERROR;
				CLANG_WARN_EMPTY_BODY = YES;
				CLANG_WARN_ENUM_CONVERSION = YES;
				CLANG_WARN_INFINITE_RECURSION = YES;
				CLANG_WARN_INT_CONVERSION = YES;
				CLANG_WARN_OBJC_ROOT_CLASS = YES_ERROR;
				CLANG_WARN_SUSPICIOUS_MOVE = YES;
				CLANG_WARN_UNREACHABLE_CODE = YES;
				CLANG_WARN__DUPLICATE_METHOD_MATCH = YES;
				COPY_PHASE_STRIP = NO;
				ENABLE_STRICT_OBJC_MSGSEND = YES;
				ENABLE_TESTABILITY = YES;
				GCC_C_LANGUAGE_STANDARD = gnu99;
				GCC_DYNAMIC_NO_PIC = NO;
				GCC_NO_COMMON_BLOCKS = YES;
				GCC_OPTIMIZATION_LEVEL = 0;
				GCC_PREPROCESSOR_DEFINITIONS = (
					"DEBUG=1",
					"$(inherited)",
				);
				GCC_SYMBOLS_PRIVATE_EXTERN = NO;
				GCC_WARN_64_TO_32_BIT_CONVERSION = YES;
				GCC_WARN_ABOUT_RETURN_TYPE = YES_ERROR;
				GCC_WARN_UNDECLARED_SELECTOR = YES;
				GCC_WARN_UNINITIALIZED_AUTOS = YES_AGGRESSIVE;
				GCC_WARN_UNUSED_FUNCTION = YES;
				GCC_WARN_UNUSED_VARIABLE = YES;
				IPHONEOS_DEPLOYMENT_TARGET = 9.0;
				ONLY_ACTIVE_ARCH = YES;
				SDKROOT = iphoneos;
			};
			name = Debug;
		};
		447BD46C19413B840062487D /* Release */ = {
			isa = XCBuildConfiguration;
			buildSettings = {
				ALWAYS_SEARCH_USER_PATHS = NO;
				CLANG_CXX_LANGUAGE_STANDARD = "gnu++0x";
				CLANG_CXX_LIBRARY = "libc++";
				CLANG_ENABLE_MODULES = YES;
				CLANG_ENABLE_OBJC_ARC = YES;
				CLANG_WARN_BOOL_CONVERSION = YES;
				CLANG_WARN_CONSTANT_CONVERSION = YES;
				CLANG_WARN_DIRECT_OBJC_ISA_USAGE = YES_ERROR;
				CLANG_WARN_EMPTY_BODY = YES;
				CLANG_WARN_ENUM_CONVERSION = YES;
				CLANG_WARN_INFINITE_RECURSION = YES;
				CLANG_WARN_INT_CONVERSION = YES;
				CLANG_WARN_OBJC_ROOT_CLASS = YES_ERROR;
				CLANG_WARN_SUSPICIOUS_MOVE = YES;
				CLANG_WARN_UNREACHABLE_CODE = YES;
				CLANG_WARN__DUPLICATE_METHOD_MATCH = YES;
				COPY_PHASE_STRIP = YES;
				ENABLE_NS_ASSERTIONS = NO;
				ENABLE_STRICT_OBJC_MSGSEND = YES;
				GCC_C_LANGUAGE_STANDARD = gnu99;
				GCC_NO_COMMON_BLOCKS = YES;
				GCC_WARN_64_TO_32_BIT_CONVERSION = YES;
				GCC_WARN_ABOUT_RETURN_TYPE = YES_ERROR;
				GCC_WARN_UNDECLARED_SELECTOR = YES;
				GCC_WARN_UNINITIALIZED_AUTOS = YES_AGGRESSIVE;
				GCC_WARN_UNUSED_FUNCTION = YES;
				GCC_WARN_UNUSED_VARIABLE = YES;
				IPHONEOS_DEPLOYMENT_TARGET = 9.0;
				SDKROOT = iphoneos;
				VALIDATE_PRODUCT = YES;
			};
			name = Release;
		};
		447BD46E19413B840062487D /* Debug */ = {
			isa = XCBuildConfiguration;
			baseConfigurationReference = F709BA331C6B0ADAE8E98165 /* Pods-AutoLayoutTextViews.debug.xcconfig */;
			buildSettings = {
				DSTROOT = /tmp/AutoLayoutTextViews.dst;
				GCC_PRECOMPILE_PREFIX_HEADER = YES;
				GCC_PREFIX_HEADER = "AutoLayoutTextViews/AutoLayoutTextViews-Prefix.pch";
				OTHER_LDFLAGS = "-ObjC";
				PRODUCT_NAME = AutoLayoutTextViews;
				SKIP_INSTALL = YES;
			};
			name = Debug;
		};
		447BD46F19413B840062487D /* Release */ = {
			isa = XCBuildConfiguration;
			baseConfigurationReference = 3C97E920332596DBD4729856 /* Pods-AutoLayoutTextViews.release.xcconfig */;
			buildSettings = {
				DSTROOT = /tmp/AutoLayoutTextViews.dst;
				GCC_PRECOMPILE_PREFIX_HEADER = YES;
				GCC_PREFIX_HEADER = "AutoLayoutTextViews/AutoLayoutTextViews-Prefix.pch";
				OTHER_LDFLAGS = "-ObjC";
				PRODUCT_NAME = AutoLayoutTextViews;
				SKIP_INSTALL = YES;
			};
			name = Release;
		};
		447BD47119413B840062487D /* Debug */ = {
			isa = XCBuildConfiguration;
			baseConfigurationReference = B90A51AFD8D34D01331B1B4C /* Pods-AutoLayoutTextViewsTests.debug.xcconfig */;
			buildSettings = {
				GCC_PRECOMPILE_PREFIX_HEADER = YES;
				GCC_PREFIX_HEADER = "AutoLayoutTextViews/AutoLayoutTextViews-Prefix.pch";
				GCC_PREPROCESSOR_DEFINITIONS = (
					"DEBUG=1",
					"$(inherited)",
				);
				INFOPLIST_FILE = "AutoLayoutTextViewsTests/AutoLayoutTextViewsTests-Info.plist";
				PRODUCT_BUNDLE_IDENTIFIER = "com.jrgdeveloper.${PRODUCT_NAME:rfc1034identifier}";
				PRODUCT_NAME = AutoLayoutTextViewsTests;
				WRAPPER_EXTENSION = xctest;
			};
			name = Debug;
		};
		447BD47219413B840062487D /* Release */ = {
			isa = XCBuildConfiguration;
			baseConfigurationReference = D1D2A9FC6FA1EE2FCB9D6CA4 /* Pods-AutoLayoutTextViewsTests.release.xcconfig */;
			buildSettings = {
				GCC_PRECOMPILE_PREFIX_HEADER = YES;
				GCC_PREFIX_HEADER = "AutoLayoutTextViews/AutoLayoutTextViews-Prefix.pch";
				INFOPLIST_FILE = "AutoLayoutTextViewsTests/AutoLayoutTextViewsTests-Info.plist";
				PRODUCT_BUNDLE_IDENTIFIER = "com.jrgdeveloper.${PRODUCT_NAME:rfc1034identifier}";
				PRODUCT_NAME = AutoLayoutTextViewsTests;
				WRAPPER_EXTENSION = xctest;
			};
			name = Release;
		};
/* End XCBuildConfiguration section */

/* Begin XCConfigurationList section */
		447BD44519413B840062487D /* Build configuration list for PBXProject "AutoLayoutTextViews" */ = {
			isa = XCConfigurationList;
			buildConfigurations = (
				447BD46B19413B840062487D /* Debug */,
				447BD46C19413B840062487D /* Release */,
			);
			defaultConfigurationIsVisible = 0;
			defaultConfigurationName = Release;
		};
		447BD46D19413B840062487D /* Build configuration list for PBXNativeTarget "AutoLayoutTextViews" */ = {
			isa = XCConfigurationList;
			buildConfigurations = (
				447BD46E19413B840062487D /* Debug */,
				447BD46F19413B840062487D /* Release */,
			);
			defaultConfigurationIsVisible = 0;
			defaultConfigurationName = Release;
		};
		447BD47019413B840062487D /* Build configuration list for PBXNativeTarget "AutoLayoutTextViewsTests" */ = {
			isa = XCConfigurationList;
			buildConfigurations = (
				447BD47119413B840062487D /* Debug */,
				447BD47219413B840062487D /* Release */,
			);
			defaultConfigurationIsVisible = 0;
			defaultConfigurationName = Release;
		};
/* End XCConfigurationList section */
	};
	rootObject = 447BD44219413B840062487D /* Project object */;
}
